
Microsoft Visual Studio Solution File, Format Version 12.00
# Visual Studio Version 17
VisualStudioVersion = 17.14.36518.9 d17.14
MinimumVisualStudioVersion = 10.0.40219.1
Project("{FAE04EC0-301F-11D3-BF4B-00C04F79EFBC}") = "WebApplication2", "WebApplication2.csproj", "{C9D51FDC-F6C1-4CF0-AC91-7B9AF2C1FAF5}"
EndProject
Global
	GlobalSection(SolutionConfigurationPlatforms) = preSolution
		Debug|Any CPU = Debug|Any CPU
		Release|Any CPU = Release|Any CPU
	EndGlobalSection
	GlobalSection(ProjectConfigurationPlatforms) = postSolution
		{C9D51FDC-F6C1-4CF0-AC91-7B9AF2C1FAF5}.Debug|Any CPU.ActiveCfg = Debug|Any CPU
		{C9D51FDC-F6C1-4CF0-AC91-7B9AF2C1FAF5}.Debug|Any CPU.Build.0 = Debug|Any CPU
		{C9D51FDC-F6C1-4CF0-AC91-7B9AF2C1FAF5}.Release|Any CPU.ActiveCfg = Release|Any CPU
		{C9D51FDC-F6C1-4CF0-AC91-7B9AF2C1FAF5}.Release|Any CPU.Build.0 = Release|Any CPU
	EndGlobalSection
	GlobalSection(SolutionProperties) = preSolution
		HideSolutionNode = FALSE
	EndGlobalSection
	GlobalSection(ExtensibilityGlobals) = postSolution
		SolutionGuid = {AC264948-04EB-442C-9734-C668158D28B3}
	EndGlobalSection
EndGlobal
